
Microsoft Visual Studio Solution File, Format Version 12.00
# Visual Studio 2013
VisualStudioVersion = 12.0.21005.1
MinimumVisualStudioVersion = 10.0.40219.1
Project("{2150E333-8FDC-42A3-9474-1A3956D46DE8}") = "Client", "Client", "{6067B37D-C7FE-4D1E-8B9F-2FA2C4271513}"
EndProject
Project("{2150E333-8FDC-42A3-9474-1A3956D46DE8}") = "Server", "Server", "{6928682C-D453-4CBA-A33E-FE94FB01EF0E}"
EndProject
Project("{FAE04EC0-301F-11D3-BF4B-00C04F79EFBC}") = "TwitterFollower.Service", "server\TwitterFollower.Service\TwitterFollower.Service.csproj", "{4223F47A-D181-42A1-AD2E-D4F83BE5D5D7}"
EndProject
Project("{FAE04EC0-301F-11D3-BF4B-00C04F79EFBC}") = "TwitterFollower.Web", "client\TwitterFollower.Web\TwitterFollower.Web.csproj", "{5222FEAF-C4C7-4443-980D-2C15289D5D2A}"
EndProject
Global
	GlobalSection(SolutionConfigurationPlatforms) = preSolution
		Debug|Any CPU = Debug|Any CPU
		Release|Any CPU = Release|Any CPU
	EndGlobalSection
	GlobalSection(ProjectConfigurationPlatforms) = postSolution
		{4223F47A-D181-42A1-AD2E-D4F83BE5D5D7}.Debug|Any CPU.ActiveCfg = Debug|Any CPU
		{4223F47A-D181-42A1-AD2E-D4F83BE5D5D7}.Debug|Any CPU.Build.0 = Debug|Any CPU
		{4223F47A-D181-42A1-AD2E-D4F83BE5D5D7}.Release|Any CPU.ActiveCfg = Release|Any CPU
		{4223F47A-D181-42A1-AD2E-D4F83BE5D5D7}.Release|Any CPU.Build.0 = Release|Any CPU
		{5222FEAF-C4C7-4443-980D-2C15289D5D2A}.Debug|Any CPU.ActiveCfg = Debug|Any CPU
		{5222FEAF-C4C7-4443-980D-2C15289D5D2A}.Debug|Any CPU.Build.0 = Debug|Any CPU
		{5222FEAF-C4C7-4443-980D-2C15289D5D2A}.Release|Any CPU.ActiveCfg = Release|Any CPU
		{5222FEAF-C4C7-4443-980D-2C15289D5D2A}.Release|Any CPU.Build.0 = Release|Any CPU
	EndGlobalSection
	GlobalSection(SolutionProperties) = preSolution
		HideSolutionNode = FALSE
	EndGlobalSection
	GlobalSection(NestedProjects) = preSolution
		{5222FEAF-C4C7-4443-980D-2C15289D5D2A} = {6067B37D-C7FE-4D1E-8B9F-2FA2C4271513}
		{4223F47A-D181-42A1-AD2E-D4F83BE5D5D7} = {6928682C-D453-4CBA-A33E-FE94FB01EF0E}
	EndGlobalSection
EndGlobal
